
Microsoft Visual Studio Solution File, Format Version 12.00
# Visual Studio 15
VisualStudioVersion = 15.0.27428.2005
MinimumVisualStudioVersion = 10.0.40219.1
Project("{FAE04EC0-301F-11D3-BF4B-00C04F79EFBC}") = "Logger", "Logger\Logger.csproj", "{CD32A1C4-34EC-4527-9405-9A0F519563D5}"
EndProject
Project("{FAE04EC0-301F-11D3-BF4B-00C04F79EFBC}") = "WebApplication", "WebApplication\WebApplication.csproj", "{AB4147E9-BEAC-4455-B907-669DF217FF96}"
EndProject
Project("{FAE04EC0-301F-11D3-BF4B-00C04F79EFBC}") = "UnitTests", "UnitTests\UnitTests.csproj", "{8A4426B8-4DD9-4A6B-8A3B-9F7BA00B77A6}"
EndProject
Global
	GlobalSection(SolutionConfigurationPlatforms) = preSolution
		Debug|Any CPU = Debug|Any CPU
		Release|Any CPU = Release|Any CPU
	EndGlobalSection
	GlobalSection(ProjectConfigurationPlatforms) = postSolution
		{CD32A1C4-34EC-4527-9405-9A0F519563D5}.Debug|Any CPU.ActiveCfg = Debug|Any CPU
		{CD32A1C4-34EC-4527-9405-9A0F519563D5}.Debug|Any CPU.Build.0 = Debug|Any CPU
		{CD32A1C4-34EC-4527-9405-9A0F519563D5}.Release|Any CPU.ActiveCfg = Release|Any CPU
		{CD32A1C4-34EC-4527-9405-9A0F519563D5}.Release|Any CPU.Build.0 = Release|Any CPU
		{AB4147E9-BEAC-4455-B907-669DF217FF96}.Debug|Any CPU.ActiveCfg = Debug|Any CPU
		{AB4147E9-BEAC-4455-B907-669DF217FF96}.Debug|Any CPU.Build.0 = Debug|Any CPU
		{AB4147E9-BEAC-4455-B907-669DF217FF96}.Release|Any CPU.ActiveCfg = Release|Any CPU
		{AB4147E9-BEAC-4455-B907-669DF217FF96}.Release|Any CPU.Build.0 = Release|Any CPU
		{8A4426B8-4DD9-4A6B-8A3B-9F7BA00B77A6}.Debug|Any CPU.ActiveCfg = Debug|Any CPU
		{8A4426B8-4DD9-4A6B-8A3B-9F7BA00B77A6}.Debug|Any CPU.Build.0 = Debug|Any CPU
		{8A4426B8-4DD9-4A6B-8A3B-9F7BA00B77A6}.Release|Any CPU.ActiveCfg = Release|Any CPU
		{8A4426B8-4DD9-4A6B-8A3B-9F7BA00B77A6}.Release|Any CPU.Build.0 = Release|Any CPU
	EndGlobalSection
	GlobalSection(SolutionProperties) = preSolution
		HideSolutionNode = FALSE
	EndGlobalSection
	GlobalSection(ExtensibilityGlobals) = postSolution
		SolutionGuid = {309E9F00-76EC-4213-8559-8C9801691983}
	EndGlobalSection
EndGlobal
